
Microsoft Visual Studio Solution File, Format Version 12.00
# Visual Studio Version 17
VisualStudioVersion = 17.4.33122.133
MinimumVisualStudioVersion = 10.0.40219.1
Project("{FAE04EC0-301F-11D3-BF4B-00C04F79EFBC}") = "SampleProject.Core", "SampleProject.Core\SampleProject.Core.csproj", "{36776B59-9EF8-47A5-8DA9-7EE491FF00AE}"
EndProject
Project("{FAE04EC0-301F-11D3-BF4B-00C04F79EFBC}") = "SampleProject.Entities", "SampleProject.Entities\SampleProject.Entities.csproj", "{1735AA9A-9598-48AF-AFDB-37391E333195}"
EndProject
Global
	GlobalSection(SolutionConfigurationPlatforms) = preSolution
		Debug|Any CPU = Debug|Any CPU
		Release|Any CPU = Release|Any CPU
	EndGlobalSection
	GlobalSection(ProjectConfigurationPlatforms) = postSolution
		{36776B59-9EF8-47A5-8DA9-7EE491FF00AE}.Debug|Any CPU.ActiveCfg = Debug|Any CPU
		{36776B59-9EF8-47A5-8DA9-7EE491FF00AE}.Debug|Any CPU.Build.0 = Debug|Any CPU
		{36776B59-9EF8-47A5-8DA9-7EE491FF00AE}.Release|Any CPU.ActiveCfg = Release|Any CPU
		{36776B59-9EF8-47A5-8DA9-7EE491FF00AE}.Release|Any CPU.Build.0 = Release|Any CPU
		{1735AA9A-9598-48AF-AFDB-37391E333195}.Debug|Any CPU.ActiveCfg = Debug|Any CPU
		{1735AA9A-9598-48AF-AFDB-37391E333195}.Debug|Any CPU.Build.0 = Debug|Any CPU
		{1735AA9A-9598-48AF-AFDB-37391E333195}.Release|Any CPU.ActiveCfg = Release|Any CPU
		{1735AA9A-9598-48AF-AFDB-37391E333195}.Release|Any CPU.Build.0 = Release|Any CPU
	EndGlobalSection
	GlobalSection(SolutionProperties) = preSolution
		HideSolutionNode = FALSE
	EndGlobalSection
	GlobalSection(ExtensibilityGlobals) = postSolution
		SolutionGuid = {8DA58F5F-7FD3-491B-8700-7E38C52858E3}
	EndGlobalSection
EndGlobal
